
Microsoft Visual Studio Solution File, Format Version 12.00
# Visual Studio Version 17
VisualStudioVersion = 17.0.31903.59
MinimumVisualStudioVersion = 10.0.40219.1
Project("{2150E333-8FDC-42A3-9474-1A3956D46DE8}") = "src", "src", "{827E0CD3-B72D-47B6-A68D-7590B98EB39B}"
	ProjectSection(SolutionItems) = preProject
		src\.editorconfig = src\.editorconfig
	EndProjectSection
EndProject
Project("{FAE04EC0-301F-11D3-BF4B-00C04F79EFBC}") = "TodoApp.Domain", "src\TodoApp.Domain\TodoApp.Domain.csproj", "{8E8CA3F0-11BD-417B-B450-556C2D292FD0}"
EndProject
Project("{FAE04EC0-301F-11D3-BF4B-00C04F79EFBC}") = "TodoApp.Application", "src\TodoApp.Application\TodoApp.Application.csproj", "{4DBFF1CC-FD38-4DE8-A9CB-5005FC53B97F}"
EndProject
Project("{FAE04EC0-301F-11D3-BF4B-00C04F79EFBC}") = "TodoApp.Infrastructure", "src\TodoApp.Infrastructure\TodoApp.Infrastructure.csproj", "{A54165CB-9610-4F78-AB65-44159D82C21F}"
EndProject
Project("{FAE04EC0-301F-11D3-BF4B-00C04F79EFBC}") = "TodoApp.Console", "src\TodoApp.Console\TodoApp.Console.csproj", "{336F48EB-7223-4124-8B7E-21723389081E}"
EndProject
Project("{FAE04EC0-301F-11D3-BF4B-00C04F79EFBC}") = "TodoApp.Api", "src\TodoApp.Api\TodoApp.Api.csproj", "{747E83B0-9ACE-4A27-881C-7B6AB0BBCF8F}"
EndProject
Project("{FAE04EC0-301F-11D3-BF4B-00C04F79EFBC}") = "TodoApp.Tests", "tests\TodoApp.Tests\TodoApp.Tests.csproj", "{B5F82FE6-D1C6-4C11-A7B5-CD81409320F5}"
EndProject
Global
	GlobalSection(SolutionConfigurationPlatforms) = preSolution
		Debug|Any CPU = Debug|Any CPU
		Debug|x64 = Debug|x64
		Debug|x86 = Debug|x86
		Release|Any CPU = Release|Any CPU
		Release|x64 = Release|x64
		Release|x86 = Release|x86
	EndGlobalSection
	GlobalSection(ProjectConfigurationPlatforms) = postSolution
		{8E8CA3F0-11BD-417B-B450-556C2D292FD0}.Debug|Any CPU.ActiveCfg = Debug|Any CPU
		{8E8CA3F0-11BD-417B-B450-556C2D292FD0}.Debug|Any CPU.Build.0 = Debug|Any CPU
		{8E8CA3F0-11BD-417B-B450-556C2D292FD0}.Debug|x64.ActiveCfg = Debug|Any CPU
		{8E8CA3F0-11BD-417B-B450-556C2D292FD0}.Debug|x64.Build.0 = Debug|Any CPU
		{8E8CA3F0-11BD-417B-B450-556C2D292FD0}.Debug|x86.ActiveCfg = Debug|Any CPU
		{8E8CA3F0-11BD-417B-B450-556C2D292FD0}.Debug|x86.Build.0 = Debug|Any CPU
		{8E8CA3F0-11BD-417B-B450-556C2D292FD0}.Release|Any CPU.ActiveCfg = Release|Any CPU
		{8E8CA3F0-11BD-417B-B450-556C2D292FD0}.Release|Any CPU.Build.0 = Release|Any CPU
		{8E8CA3F0-11BD-417B-B450-556C2D292FD0}.Release|x64.ActiveCfg = Release|Any CPU
		{8E8CA3F0-11BD-417B-B450-556C2D292FD0}.Release|x64.Build.0 = Release|Any CPU
		{8E8CA3F0-11BD-417B-B450-556C2D292FD0}.Release|x86.ActiveCfg = Release|Any CPU
		{8E8CA3F0-11BD-417B-B450-556C2D292FD0}.Release|x86.Build.0 = Release|Any CPU
		{4DBFF1CC-FD38-4DE8-A9CB-5005FC53B97F}.Debug|Any CPU.ActiveCfg = Debug|Any CPU
		{4DBFF1CC-FD38-4DE8-A9CB-5005FC53B97F}.Debug|Any CPU.Build.0 = Debug|Any CPU
		{4DBFF1CC-FD38-4DE8-A9CB-5005FC53B97F}.Debug|x64.ActiveCfg = Debug|Any CPU
		{4DBFF1CC-FD38-4DE8-A9CB-5005FC53B97F}.Debug|x64.Build.0 = Debug|Any CPU
		{4DBFF1CC-FD38-4DE8-A9CB-5005FC53B97F}.Debug|x86.ActiveCfg = Debug|Any CPU
		{4DBFF1CC-FD38-4DE8-A9CB-5005FC53B97F}.Debug|x86.Build.0 = Debug|Any CPU
		{4DBFF1CC-FD38-4DE8-A9CB-5005FC53B97F}.Release|Any CPU.ActiveCfg = Release|Any CPU
		{4DBFF1CC-FD38-4DE8-A9CB-5005FC53B97F}.Release|Any CPU.Build.0 = Release|Any CPU
		{4DBFF1CC-FD38-4DE8-A9CB-5005FC53B97F}.Release|x64.ActiveCfg = Release|Any CPU
		{4DBFF1CC-FD38-4DE8-A9CB-5005FC53B97F}.Release|x64.Build.0 = Release|Any CPU
		{4DBFF1CC-FD38-4DE8-A9CB-5005FC53B97F}.Release|x86.ActiveCfg = Release|Any CPU
		{4DBFF1CC-FD38-4DE8-A9CB-5005FC53B97F}.Release|x86.Build.0 = Release|Any CPU
		{A54165CB-9610-4F78-AB65-44159D82C21F}.Debug|Any CPU.ActiveCfg = Debug|Any CPU
		{A54165CB-9610-4F78-AB65-44159D82C21F}.Debug|Any CPU.Build.0 = Debug|Any CPU
		{A54165CB-9610-4F78-AB65-44159D82C21F}.Debug|x64.ActiveCfg = Debug|Any CPU
		{A54165CB-9610-4F78-AB65-44159D82C21F}.Debug|x64.Build.0 = Debug|Any CPU
		{A54165CB-9610-4F78-AB65-44159D82C21F}.Debug|x86.ActiveCfg = Debug|Any CPU
		{A54165CB-9610-4F78-AB65-44159D82C21F}.Debug|x86.Build.0 = Debug|Any CPU
		{A54165CB-9610-4F78-AB65-44159D82C21F}.Release|Any CPU.ActiveCfg = Release|Any CPU
		{A54165CB-9610-4F78-AB65-44159D82C21F}.Release|Any CPU.Build.0 = Release|Any CPU
		{A54165CB-9610-4F78-AB65-44159D82C21F}.Release|x64.ActiveCfg = Release|Any CPU
		{A54165CB-9610-4F78-AB65-44159D82C21F}.Release|x64.Build.0 = Release|Any CPU
		{A54165CB-9610-4F78-AB65-44159D82C21F}.Release|x86.ActiveCfg = Release|Any CPU
		{A54165CB-9610-4F78-AB65-44159D82C21F}.Release|x86.Build.0 = Release|Any CPU
		{336F48EB-7223-4124-8B7E-21723389081E}.Debug|Any CPU.ActiveCfg = Debug|Any CPU
		{336F48EB-7223-4124-8B7E-21723389081E}.Debug|Any CPU.Build.0 = Debug|Any CPU
		{336F48EB-7223-4124-8B7E-21723389081E}.Debug|x64.ActiveCfg = Debug|Any CPU
		{336F48EB-7223-4124-8B7E-21723389081E}.Debug|x64.Build.0 = Debug|Any CPU
		{336F48EB-7223-4124-8B7E-21723389081E}.Debug|x86.ActiveCfg = Debug|Any CPU
		{336F48EB-7223-4124-8B7E-21723389081E}.Debug|x86.Build.0 = Debug|Any CPU
		{336F48EB-7223-4124-8B7E-21723389081E}.Release|Any CPU.ActiveCfg = Release|Any CPU
		{336F48EB-7223-4124-8B7E-21723389081E}.Release|Any CPU.Build.0 = Release|Any CPU
		{336F48EB-7223-4124-8B7E-21723389081E}.Release|x64.ActiveCfg = Release|Any CPU
		{336F48EB-7223-4124-8B7E-21723389081E}.Release|x64.Build.0 = Release|Any CPU
		{336F48EB-7223-4124-8B7E-21723389081E}.Release|x86.ActiveCfg = Release|Any CPU
		{336F48EB-7223-4124-8B7E-21723389081E}.Release|x86.Build.0 = Release|Any CPU
		{747E83B0-9ACE-4A27-881C-7B6AB0BBCF8F}.Debug|Any CPU.ActiveCfg = Debug|Any CPU
		{747E83B0-9ACE-4A27-881C-7B6AB0BBCF8F}.Debug|Any CPU.Build.0 = Debug|Any CPU
		{747E83B0-9ACE-4A27-881C-7B6AB0BBCF8F}.Debug|x64.ActiveCfg = Debug|Any CPU
		{747E83B0-9ACE-4A27-881C-7B6AB0BBCF8F}.Debug|x64.Build.0 = Debug|Any CPU
		{747E83B0-9ACE-4A27-881C-7B6AB0BBCF8F}.Debug|x86.ActiveCfg = Debug|Any CPU
		{747E83B0-9ACE-4A27-881C-7B6AB0BBCF8F}.Debug|x86.Build.0 = Debug|Any CPU
		{747E83B0-9ACE-4A27-881C-7B6AB0BBCF8F}.Release|Any CPU.ActiveCfg = Release|Any CPU
		{747E83B0-9ACE-4A27-881C-7B6AB0BBCF8F}.Release|Any CPU.Build.0 = Release|Any CPU
		{747E83B0-9ACE-4A27-881C-7B6AB0BBCF8F}.Release|x64.ActiveCfg = Release|Any CPU
		{747E83B0-9ACE-4A27-881C-7B6AB0BBCF8F}.Release|x64.Build.0 = Release|Any CPU
		{747E83B0-9ACE-4A27-881C-7B6AB0BBCF8F}.Release|x86.ActiveCfg = Release|Any CPU
		{747E83B0-9ACE-4A27-881C-7B6AB0BBCF8F}.Release|x86.Build.0 = Release|Any CPU
		{B5F82FE6-D1C6-4C11-A7B5-CD81409320F5}.Debug|Any CPU.ActiveCfg = Debug|Any CPU
		{B5F82FE6-D1C6-4C11-A7B5-CD81409320F5}.Debug|Any CPU.Build.0 = Debug|Any CPU
		{B5F82FE6-D1C6-4C11-A7B5-CD81409320F5}.Debug|x64.ActiveCfg = Debug|Any CPU
		{B5F82FE6-D1C6-4C11-A7B5-CD81409320F5}.Debug|x64.Build.0 = Debug|Any CPU
		{B5F82FE6-D1C6-4C11-A7B5-CD81409320F5}.Debug|x86.ActiveCfg = Debug|Any CPU
		{B5F82FE6-D1C6-4C11-A7B5-CD81409320F5}.Debug|x86.Build.0 = Debug|Any CPU
		{B5F82FE6-D1C6-4C11-A7B5-CD81409320F5}.Release|Any CPU.ActiveCfg = Release|Any CPU
		{B5F82FE6-D1C6-4C11-A7B5-CD81409320F5}.Release|Any CPU.Build.0 = Release|Any CPU
		{B5F82FE6-D1C6-4C11-A7B5-CD81409320F5}.Release|x64.ActiveCfg = Release|Any CPU
		{B5F82FE6-D1C6-4C11-A7B5-CD81409320F5}.Release|x64.Build.0 = Release|Any CPU
		{B5F82FE6-D1C6-4C11-A7B5-CD81409320F5}.Release|x86.ActiveCfg = Release|Any CPU
		{B5F82FE6-D1C6-4C11-A7B5-CD81409320F5}.Release|x86.Build.0 = Release|Any CPU
	EndGlobalSection
	GlobalSection(SolutionProperties) = preSolution
		HideSolutionNode = FALSE
	EndGlobalSection
	GlobalSection(NestedProjects) = preSolution
		{8E8CA3F0-11BD-417B-B450-556C2D292FD0} = {827E0CD3-B72D-47B6-A68D-7590B98EB39B}
		{4DBFF1CC-FD38-4DE8-A9CB-5005FC53B97F} = {827E0CD3-B72D-47B6-A68D-7590B98EB39B}
		{A54165CB-9610-4F78-AB65-44159D82C21F} = {827E0CD3-B72D-47B6-A68D-7590B98EB39B}
		{336F48EB-7223-4124-8B7E-21723389081E} = {827E0CD3-B72D-47B6-A68D-7590B98EB39B}
		{747E83B0-9ACE-4A27-881C-7B6AB0BBCF8F} = {827E0CD3-B72D-47B6-A68D-7590B98EB39B}
		{B5F82FE6-D1C6-4C11-A7B5-CD81409320F5} = {827E0CD3-B72D-47B6-A68D-7590B98EB39B}
	EndGlobalSection
EndGlobal
